// !$*UTF8*$!
{
	archiveVersion = 1;
	classes = {
	};
	objectVersion = 77;
	objects = {

/* Begin PBXBuildFile section */
		458182B69B3FE28618BADE07 /* AudioEngineActor.swift in Sources */ = {isa = PBXBuildFile; fileRef = DEB4926616A5B760757DBCC6 /* AudioEngineActor.swift */; };
		506C1AA472CA7C553CDE8773 /* App.swift in Sources */ = {isa = PBXBuildFile; fileRef = C3AFE4576A3203BD660D59E3 /* App.swift */; };
		63BC7C63ECFC3ACE4AB74A25 /* WaveformView.swift in Sources */ = {isa = PBXBuildFile; fileRef = 5FE0BF1D569C3AC16A2E406D /* WaveformView.swift */; };
		789774679F715AAE2D4AE812 /* HistoryManager.swift in Sources */ = {isa = PBXBuildFile; fileRef = 8C180C83167E81F9C89D1029 /* HistoryManager.swift */; };
		B1DA2DD8C0252CF4A0986327 /* SupportedLanguage.swift in Sources */ = {isa = PBXBuildFile; fileRef = CDF86D31348ACEA234E7843C /* SupportedLanguage.swift */; };
		B38DCA6E879F9ECB6C2AF5C4 /* HistoryView.swift in Sources */ = {isa = PBXBuildFile; fileRef = 0EE07477AE71BD17E7F47048 /* HistoryView.swift */; };
		BEE34DD5EDCAF966B6703171 /* AudioController.swift in Sources */ = {isa = PBXBuildFile; fileRef = AF6443C117BB73630099AF54 /* AudioController.swift */; };
		EE14F388954195EDAAB95D7C /* TranslationSegment.swift in Sources */ = {isa = PBXBuildFile; fileRef = 16E8236CDAC477C6CFD925CF /* TranslationSegment.swift */; };
		F64B290A5A876193D7073892 /* ContentView.swift in Sources */ = {isa = PBXBuildFile; fileRef = FD1BDE1D0B3A47BB1E0E33FC /* ContentView.swift */; };
/* End PBXBuildFile section */

/* Begin PBXFileReference section */
		0EE07477AE71BD17E7F47048 /* HistoryView.swift */ = {isa = PBXFileReference; lastKnownFileType = sourcecode.swift; path = HistoryView.swift; sourceTree = "<group>"; };
		16E8236CDAC477C6CFD925CF /* TranslationSegment.swift */ = {isa = PBXFileReference; lastKnownFileType = sourcecode.swift; path = TranslationSegment.swift; sourceTree = "<group>"; };
		1FC2E53C7F53E600E44A1F80 /* SoundcoreClone.app */ = {isa = PBXFileReference; includeInIndex = 0; lastKnownFileType = wrapper.application; path = SoundcoreClone.app; sourceTree = BUILT_PRODUCTS_DIR; };
		5FE0BF1D569C3AC16A2E406D /* WaveformView.swift */ = {isa = PBXFileReference; lastKnownFileType = sourcecode.swift; path = WaveformView.swift; sourceTree = "<group>"; };
		8C180C83167E81F9C89D1029 /* HistoryManager.swift */ = {isa = PBXFileReference; lastKnownFileType = sourcecode.swift; path = HistoryManager.swift; sourceTree = "<group>"; };
		AF6443C117BB73630099AF54 /* AudioController.swift */ = {isa = PBXFileReference; lastKnownFileType = sourcecode.swift; path = AudioController.swift; sourceTree = "<group>"; };
		C3AFE4576A3203BD660D59E3 /* App.swift */ = {isa = PBXFileReference; lastKnownFileType = sourcecode.swift; path = App.swift; sourceTree = "<group>"; };
		CDF86D31348ACEA234E7843C /* SupportedLanguage.swift */ = {isa = PBXFileReference; lastKnownFileType = sourcecode.swift; path = SupportedLanguage.swift; sourceTree = "<group>"; };
		DEB4926616A5B760757DBCC6 /* AudioEngineActor.swift */ = {isa = PBXFileReference; lastKnownFileType = sourcecode.swift; path = AudioEngineActor.swift; sourceTree = "<group>"; };
		FD1BDE1D0B3A47BB1E0E33FC /* ContentView.swift */ = {isa = PBXFileReference; lastKnownFileType = sourcecode.swift; path = ContentView.swift; sourceTree = "<group>"; };
/* End PBXFileReference section */

/* Begin PBXGroup section */
		24B2DA4E1011F4DDF1EB5B66 /* Sources */ = {
			isa = PBXGroup;
			children = (
				C3AFE4576A3203BD660D59E3 /* App.swift */,
				AF6443C117BB73630099AF54 /* AudioController.swift */,
				DEB4926616A5B760757DBCC6 /* AudioEngineActor.swift */,
				FD1BDE1D0B3A47BB1E0E33FC /* ContentView.swift */,
				8C180C83167E81F9C89D1029 /* HistoryManager.swift */,
				0EE07477AE71BD17E7F47048 /* HistoryView.swift */,
				CDF86D31348ACEA234E7843C /* SupportedLanguage.swift */,
				16E8236CDAC477C6CFD925CF /* TranslationSegment.swift */,
				5FE0BF1D569C3AC16A2E406D /* WaveformView.swift */,
			);
			path = Sources;
			sourceTree = "<group>";
		};
		75ACD207B6DE62777CBFEC3B /* Products */ = {
			isa = PBXGroup;
			children = (
				1FC2E53C7F53E600E44A1F80 /* SoundcoreClone.app */,
			);
			name = Products;
			sourceTree = "<group>";
		};
		CF0CA244F5B759DA39EBBE9A = {
			isa = PBXGroup;
			children = (
				24B2DA4E1011F4DDF1EB5B66 /* Sources */,
				75ACD207B6DE62777CBFEC3B /* Products */,
			);
			sourceTree = "<group>";
		};
/* End PBXGroup section */

/* Begin PBXNativeTarget section */
		C674A0FCA9E7AFF1953BA6F0 /* SoundcoreClone */ = {
			isa = PBXNativeTarget;
			buildConfigurationList = 50E08621E0807E0D5F577BDC /* Build configuration list for PBXNativeTarget "SoundcoreClone" */;
			buildPhases = (
				0B90963633B0E2E531173F5A /* Sources */,
			);
			buildRules = (
			);
			dependencies = (
			);
			name = SoundcoreClone;
			packageProductDependencies = (
			);
			productName = SoundcoreClone;
			productReference = 1FC2E53C7F53E600E44A1F80 /* SoundcoreClone.app */;
			productType = "com.apple.product-type.application";
		};
/* End PBXNativeTarget section */

/* Begin PBXProject section */
		EB095C7D3959A61D0C74D6A0 /* Project object */ = {
			isa = PBXProject;
			attributes = {
				BuildIndependentTargetsInParallel = YES;
				LastUpgradeCheck = 1430;
				TargetAttributes = {
					C674A0FCA9E7AFF1953BA6F0 = {
						DevelopmentTeam = "";
						ProvisioningStyle = Automatic;
					};
				};
			};
			buildConfigurationList = A036B7A58577FC694604C8CC /* Build configuration list for PBXProject "SoundcoreClone" */;
			developmentRegion = en;
			hasScannedForEncodings = 0;
			knownRegions = (
				Base,
				en,
			);
			mainGroup = CF0CA244F5B759DA39EBBE9A;
			minimizedProjectReferenceProxies = 1;
			preferredProjectObjectVersion = 77;
			productRefGroup = 75ACD207B6DE62777CBFEC3B /* Products */;
			projectDirPath = "";
			projectRoot = "";
			targets = (
				C674A0FCA9E7AFF1953BA6F0 /* SoundcoreClone */,
			);
		};
/* End PBXProject section */

/* Begin PBXSourcesBuildPhase section */
		0B90963633B0E2E531173F5A /* Sources */ = {
			isa = PBXSourcesBuildPhase;
			buildActionMask = 2147483647;
			files = (
				506C1AA472CA7C553CDE8773 /* App.swift in Sources */,
				BEE34DD5EDCAF966B6703171 /* AudioController.swift in Sources */,
				458182B69B3FE28618BADE07 /* AudioEngineActor.swift in Sources */,
				F64B290A5A876193D7073892 /* ContentView.swift in Sources */,
				789774679F715AAE2D4AE812 /* HistoryManager.swift in Sources */,
				B38DCA6E879F9ECB6C2AF5C4 /* HistoryView.swift in Sources */,
				B1DA2DD8C0252CF4A0986327 /* SupportedLanguage.swift in Sources */,
				EE14F388954195EDAAB95D7C /* TranslationSegment.swift in Sources */,
				63BC7C63ECFC3ACE4AB74A25 /* WaveformView.swift in Sources */,
			);
			runOnlyForDeploymentPostprocessing = 0;
		};
/* End PBXSourcesBuildPhase section */

/* Begin XCBuildConfiguration section */
		2CCCF517B6F0019C59642EA7 /* Release */ = {
			isa = XCBuildConfiguration;
			buildSettings = {
				ASSETCATALOG_COMPILER_APPICON_NAME = AppIcon;
				CODE_SIGN_IDENTITY = "iPhone Developer";
				CODE_SIGN_STYLE = Automatic;
				DEVELOPMENT_TEAM = "";
				INFOPLIST_FILE = Info.plist;
				IPHONEOS_DEPLOYMENT_TARGET = 18.0;
				LD_RUNPATH_SEARCH_PATHS = (
					"$(inherited)",
					"@executable_path/Frameworks",
				);
				PRODUCT_BUNDLE_IDENTIFIER = com.example.SoundcoreClone;
				SDKROOT = iphoneos;
				TARGETED_DEVICE_FAMILY = "1,2";
			};
			name = Release;
		};
		A669A1874B4078C80F9967DD /* Debug */ = {
			isa = XCBuildConfiguration;
			buildSettings = {
				ALWAYS_SEARCH_USER_PATHS = NO;
				CLANG_ANALYZER_NONNULL = YES;
				CLANG_ANALYZER_NUMBER_OBJECT_CONVERSION = YES_AGGRESSIVE;
				CLANG_CXX_LANGUAGE_STANDARD = "gnu++14";
				CLANG_CXX_LIBRARY = "libc++";
				CLANG_ENABLE_MODULES = YES;
				CLANG_ENABLE_OBJC_ARC = YES;
				CLANG_ENABLE_OBJC_WEAK = YES;
				CLANG_WARN_BLOCK_CAPTURE_AUTORELEASING = YES;
				CLANG_WARN_BOOL_CONVERSION = YES;
				CLANG_WARN_COMMA = YES;
				CLANG_WARN_CONSTANT_CONVERSION = YES;
				CLANG_WARN_DEPRECATED_OBJC_IMPLEMENTATIONS = YES;
				CLANG_WARN_DIRECT_OBJC_ISA_USAGE = YES_ERROR;
				CLANG_WARN_DOCUMENTATION_COMMENTS = YES;
				CLANG_WARN_EMPTY_BODY = YES;
				CLANG_WARN_ENUM_CONVERSION = YES;
				CLANG_WARN_INFINITE_RECURSION = YES;
				CLANG_WARN_INT_CONVERSION = YES;
				CLANG_WARN_NON_LITERAL_NULL_CONVERSION = YES;
				CLANG_WARN_OBJC_IMPLICIT_RETAIN_SELF = YES;
				CLANG_WARN_OBJC_LITERAL_CONVERSION = YES;
				CLANG_WARN_OBJC_ROOT_CLASS = YES_ERROR;
				CLANG_WARN_QUOTED_INCLUDE_IN_FRAMEWORK_HEADER = YES;
				CLANG_WARN_RANGE_LOOP_ANALYSIS = YES;
				CLANG_WARN_STRICT_PROTOTYPES = YES;
				CLANG_WARN_SUSPICIOUS_MOVE = YES;
				CLANG_WARN_UNGUARDED_AVAILABILITY = YES_AGGRESSIVE;
				CLANG_WARN_UNREACHABLE_CODE = YES;
				CLANG_WARN__DUPLICATE_METHOD_MATCH = YES;
				COPY_PHASE_STRIP = NO;
				DEBUG_INFORMATION_FORMAT = dwarf;
				ENABLE_STRICT_OBJC_MSGSEND = YES;
				ENABLE_TESTABILITY = YES;
				GCC_C_LANGUAGE_STANDARD = gnu11;
				GCC_DYNAMIC_NO_PIC = NO;
				GCC_NO_COMMON_BLOCKS = YES;
				GCC_OPTIMIZATION_LEVEL = 0;
				GCC_PREPROCESSOR_DEFINITIONS = (
					"$(inherited)",
					"DEBUG=1",
				);
				GCC_WARN_64_TO_32_BIT_CONVERSION = YES;
				GCC_WARN_ABOUT_RETURN_TYPE = YES_ERROR;
				GCC_WARN_UNDECLARED_SELECTOR = YES;
				GCC_WARN_UNINITIALIZED_AUTOS = YES_AGGRESSIVE;
				GCC_WARN_UNUSED_FUNCTION = YES;
				GCC_WARN_UNUSED_VARIABLE = YES;
				MTL_ENABLE_DEBUG_INFO = INCLUDE_SOURCE;
				MTL_FAST_MATH = YES;
				ONLY_ACTIVE_ARCH = YES;
				PRODUCT_NAME = "$(TARGET_NAME)";
				SDKROOT = iphoneos;
				SWIFT_ACTIVE_COMPILATION_CONDITIONS = DEBUG;
				SWIFT_OPTIMIZATION_LEVEL = "-Onone";
				SWIFT_VERSION = 5.0;
			};
			name = Debug;
		};
		B285519D490DB9FEABFB9876 /* Debug */ = {
			isa = XCBuildConfiguration;
			buildSettings = {
				ASSETCATALOG_COMPILER_APPICON_NAME = AppIcon;
				CODE_SIGN_IDENTITY = "iPhone Developer";
				CODE_SIGN_STYLE = Automatic;
				DEVELOPMENT_TEAM = "";
				INFOPLIST_FILE = Info.plist;
				IPHONEOS_DEPLOYMENT_TARGET = 18.0;
				LD_RUNPATH_SEARCH_PATHS = (
					"$(inherited)",
					"@executable_path/Frameworks",
				);
				PRODUCT_BUNDLE_IDENTIFIER = com.example.SoundcoreClone;
				SDKROOT = iphoneos;
				TARGETED_DEVICE_FAMILY = "1,2";
			};
			name = Debug;
		};
		E8AC2BBAFF222E244890F447 /* Release */ = {
			isa = XCBuildConfiguration;
			buildSettings = {
				ALWAYS_SEARCH_USER_PATHS = NO;
				CLANG_ANALYZER_NONNULL = YES;
				CLANG_ANALYZER_NUMBER_OBJECT_CONVERSION = YES_AGGRESSIVE;
				CLANG_CXX_LANGUAGE_STANDARD = "gnu++14";
				CLANG_CXX_LIBRARY = "libc++";
				CLANG_ENABLE_MODULES = YES;
				CLANG_ENABLE_OBJC_ARC = YES;
				CLANG_ENABLE_OBJC_WEAK = YES;
				CLANG_WARN_BLOCK_CAPTURE_AUTORELEASING = YES;
				CLANG_WARN_BOOL_CONVERSION = YES;
				CLANG_WARN_COMMA = YES;
				CLANG_WARN_CONSTANT_CONVERSION = YES;
				CLANG_WARN_DEPRECATED_OBJC_IMPLEMENTATIONS = YES;
				CLANG_WARN_DIRECT_OBJC_ISA_USAGE = YES_ERROR;
				CLANG_WARN_DOCUMENTATION_COMMENTS = YES;
				CLANG_WARN_EMPTY_BODY = YES;
				CLANG_WARN_ENUM_CONVERSION = YES;
				CLANG_WARN_INFINITE_RECURSION = YES;
				CLANG_WARN_INT_CONVERSION = YES;
				CLANG_WARN_NON_LITERAL_NULL_CONVERSION = YES;
				CLANG_WARN_OBJC_IMPLICIT_RETAIN_SELF = YES;
				CLANG_WARN_OBJC_LITERAL_CONVERSION = YES;
				CLANG_WARN_OBJC_ROOT_CLASS = YES_ERROR;
				CLANG_WARN_QUOTED_INCLUDE_IN_FRAMEWORK_HEADER = YES;
				CLANG_WARN_RANGE_LOOP_ANALYSIS = YES;
				CLANG_WARN_STRICT_PROTOTYPES = YES;
				CLANG_WARN_SUSPICIOUS_MOVE = YES;
				CLANG_WARN_UNGUARDED_AVAILABILITY = YES_AGGRESSIVE;
				CLANG_WARN_UNREACHABLE_CODE = YES;
				CLANG_WARN__DUPLICATE_METHOD_MATCH = YES;
				COPY_PHASE_STRIP = NO;
				DEBUG_INFORMATION_FORMAT = "dwarf-with-dsym";
				ENABLE_NS_ASSERTIONS = NO;
				ENABLE_STRICT_OBJC_MSGSEND = YES;
				GCC_C_LANGUAGE_STANDARD = gnu11;
				GCC_NO_COMMON_BLOCKS = YES;
				GCC_WARN_64_TO_32_BIT_CONVERSION = YES;
				GCC_WARN_ABOUT_RETURN_TYPE = YES_ERROR;
				GCC_WARN_UNDECLARED_SELECTOR = YES;
				GCC_WARN_UNINITIALIZED_AUTOS = YES_AGGRESSIVE;
				GCC_WARN_UNUSED_FUNCTION = YES;
				GCC_WARN_UNUSED_VARIABLE = YES;
				MTL_ENABLE_DEBUG_INFO = NO;
				MTL_FAST_MATH = YES;
				PRODUCT_NAME = "$(TARGET_NAME)";
				SDKROOT = iphoneos;
				SWIFT_COMPILATION_MODE = wholemodule;
				SWIFT_OPTIMIZATION_LEVEL = "-O";
				SWIFT_VERSION = 5.0;
			};
			name = Release;
		};
/* End XCBuildConfiguration section */

/* Begin XCConfigurationList section */
		50E08621E0807E0D5F577BDC /* Build configuration list for PBXNativeTarget "SoundcoreClone" */ = {
			isa = XCConfigurationList;
			buildConfigurations = (
				B285519D490DB9FEABFB9876 /* Debug */,
				2CCCF517B6F0019C59642EA7 /* Release */,
			);
			defaultConfigurationIsVisible = 0;
			defaultConfigurationName = Debug;
		};
		A036B7A58577FC694604C8CC /* Build configuration list for PBXProject "SoundcoreClone" */ = {
			isa = XCConfigurationList;
			buildConfigurations = (
				A669A1874B4078C80F9967DD /* Debug */,
				E8AC2BBAFF222E244890F447 /* Release */,
			);
			defaultConfigurationIsVisible = 0;
			defaultConfigurationName = Debug;
		};
/* End XCConfigurationList section */
	};
	rootObject = EB095C7D3959A61D0C74D6A0 /* Project object */;
}
